
Microsoft Visual Studio Solution File, Format Version 12.00
# Visual Studio 14
VisualStudioVersion = 14.0.25420.1
MinimumVisualStudioVersion = 10.0.40219.1
Project("{FAE04EC0-301F-11D3-BF4B-00C04F79EFBC}") = "COMP1004-F2016-Lesson12", "COMP1004-F2016-Lesson12\COMP1004-F2016-Lesson12.csproj", "{B3005AEE-615E-466E-A19E-3D33DDD8AA5F}"
EndProject
Global
	GlobalSection(SolutionConfigurationPlatforms) = preSolution
		Debug|Any CPU = Debug|Any CPU
		Release|Any CPU = Release|Any CPU
	EndGlobalSection
	GlobalSection(ProjectConfigurationPlatforms) = postSolution
		{B3005AEE-615E-466E-A19E-3D33DDD8AA5F}.Debug|Any CPU.ActiveCfg = Debug|Any CPU
		{B3005AEE-615E-466E-A19E-3D33DDD8AA5F}.Debug|Any CPU.Build.0 = Debug|Any CPU
		{B3005AEE-615E-466E-A19E-3D33DDD8AA5F}.Release|Any CPU.ActiveCfg = Release|Any CPU
		{B3005AEE-615E-466E-A19E-3D33DDD8AA5F}.Release|Any CPU.Build.0 = Release|Any CPU
	EndGlobalSection
	GlobalSection(SolutionProperties) = preSolution
		HideSolutionNode = FALSE
	EndGlobalSection
EndGlobal
